{
  "name": "without-cooldown",
  "version": "1.0.0",
  "lockfileVersion": 3,
  "requires": true,
  "packages": {
    "": {
      "name": "without-cooldown",
      "version": "1.0.0",
      "dependencies": {
        "aws-cdk": "2.1118.2"
      }
    },
    "node_modules/aws-cdk": {
      "version": "2.1118.2",
      "resolved": "https://registry.npmjs.org/aws-cdk/-/aws-cdk-2.1118.2.tgz",
      "integrity": "sha512-jHuShSx0JI14enDz2Hk2Qe0LYTDPzLyF2nBhWCvoXyRCpz31sI3XsCh4KO5ZXKfw9ET0bHvDTVnMZQPBpswg8A==",
      "license": "Apache-2.0",
      "bin": {
        "cdk": "bin/cdk"
      },
      "engines": {
        "node": ">= 18.0.0"
      }
    }
  }
}
